
Microsoft Visual Studio Solution File, Format Version 12.00
# Visual Studio 14
VisualStudioVersion = 14.0.23107.0
MinimumVisualStudioVersion = 10.0.40219.1
Project("{2150E333-8FDC-42A3-9474-1A3956D46DE8}") = "Executables", "Executables", "{FC58C9C7-EA49-491D-81C8-3E8030443248}"
EndProject
Project("{2150E333-8FDC-42A3-9474-1A3956D46DE8}") = "Libraries", "Libraries", "{10DFF991-F52A-4174-A52C-BD8FDCBF131F}"
EndProject
Project("{2150E333-8FDC-42A3-9474-1A3956D46DE8}") = "Imports", "Imports", "{E33A1426-86AF-46B5-BFE9-9386218B3056}"
EndProject
Project("{FAE04EC0-301F-11D3-BF4B-00C04F79EFBC}") = "CoopManagement", "CoopManagement\CoopManagement.csproj", "{C390521F-A020-4D84-A609-D12DA8B5F18D}"
EndProject
Project("{FAE04EC0-301F-11D3-BF4B-00C04F79EFBC}") = "CoopMgmtClasses", "CoopMgmtClasses\CoopMgmtClasses.csproj", "{B43D7D1F-520A-4A9C-BB3D-54D1C600FDCA}"
EndProject
Project("{FAE04EC0-301F-11D3-BF4B-00C04F79EFBC}") = "SwingWERX", "..\SwingWERX\SwingWERX\SwingWERX.csproj", "{2E499785-60E7-48C9-A67F-E6DC9D2845CE}"
EndProject
Project("{FAE04EC0-301F-11D3-BF4B-00C04F79EFBC}") = "MaterialSkin", "..\MaterialSkin\MaterialSkin\MaterialSkin.csproj", "{8EB7611B-68CD-4B8B-987A-11717E2B250C}"
EndProject
Project("{2150E333-8FDC-42A3-9474-1A3956D46DE8}") = "ReoGrid", "ReoGrid", "{113FE834-725B-4266-9E0F-197A823B0D95}"
EndProject
Project("{FAE04EC0-301F-11D3-BF4B-00C04F79EFBC}") = "Editor", "..\ReoGrid\Editor\Editor.csproj", "{A1E157BE-5C06-41DC-97C3-7409DF9771B8}"
EndProject
Project("{FAE04EC0-301F-11D3-BF4B-00C04F79EFBC}") = "ReoGrid", "..\ReoGrid\ReoGrid\ReoGrid.csproj", "{8B62357A-ABBC-4DB0-8633-F1D6A6C1EA53}"
EndProject
Project("{FAE04EC0-301F-11D3-BF4B-00C04F79EFBC}") = "EditorLib", "..\ReoGrid\EditorLib\EditorLib.csproj", "{EE03A6AF-2937-4893-80F4-DD71F099A76C}"
EndProject
Global
	GlobalSection(SolutionConfigurationPlatforms) = preSolution
		Debug|Any CPU = Debug|Any CPU
		Minimum|Any CPU = Minimum|Any CPU
		Release|Any CPU = Release|Any CPU
	EndGlobalSection
	GlobalSection(ProjectConfigurationPlatforms) = postSolution
		{C390521F-A020-4D84-A609-D12DA8B5F18D}.Debug|Any CPU.ActiveCfg = Debug|Any CPU
		{C390521F-A020-4D84-A609-D12DA8B5F18D}.Debug|Any CPU.Build.0 = Debug|Any CPU
		{C390521F-A020-4D84-A609-D12DA8B5F18D}.Minimum|Any CPU.ActiveCfg = Release|Any CPU
		{C390521F-A020-4D84-A609-D12DA8B5F18D}.Minimum|Any CPU.Build.0 = Release|Any CPU
		{C390521F-A020-4D84-A609-D12DA8B5F18D}.Release|Any CPU.ActiveCfg = Release|Any CPU
		{C390521F-A020-4D84-A609-D12DA8B5F18D}.Release|Any CPU.Build.0 = Release|Any CPU
		{B43D7D1F-520A-4A9C-BB3D-54D1C600FDCA}.Debug|Any CPU.ActiveCfg = Debug|Any CPU
		{B43D7D1F-520A-4A9C-BB3D-54D1C600FDCA}.Debug|Any CPU.Build.0 = Debug|Any CPU
		{B43D7D1F-520A-4A9C-BB3D-54D1C600FDCA}.Minimum|Any CPU.ActiveCfg = Release|Any CPU
		{B43D7D1F-520A-4A9C-BB3D-54D1C600FDCA}.Minimum|Any CPU.Build.0 = Release|Any CPU
		{B43D7D1F-520A-4A9C-BB3D-54D1C600FDCA}.Release|Any CPU.ActiveCfg = Release|Any CPU
		{B43D7D1F-520A-4A9C-BB3D-54D1C600FDCA}.Release|Any CPU.Build.0 = Release|Any CPU
		{2E499785-60E7-48C9-A67F-E6DC9D2845CE}.Debug|Any CPU.ActiveCfg = Debug|Any CPU
		{2E499785-60E7-48C9-A67F-E6DC9D2845CE}.Debug|Any CPU.Build.0 = Debug|Any CPU
		{2E499785-60E7-48C9-A67F-E6DC9D2845CE}.Minimum|Any CPU.ActiveCfg = Release|Any CPU
		{2E499785-60E7-48C9-A67F-E6DC9D2845CE}.Minimum|Any CPU.Build.0 = Release|Any CPU
		{2E499785-60E7-48C9-A67F-E6DC9D2845CE}.Release|Any CPU.ActiveCfg = Release|Any CPU
		{2E499785-60E7-48C9-A67F-E6DC9D2845CE}.Release|Any CPU.Build.0 = Release|Any CPU
		{8EB7611B-68CD-4B8B-987A-11717E2B250C}.Debug|Any CPU.ActiveCfg = Debug|Any CPU
		{8EB7611B-68CD-4B8B-987A-11717E2B250C}.Debug|Any CPU.Build.0 = Debug|Any CPU
		{8EB7611B-68CD-4B8B-987A-11717E2B250C}.Minimum|Any CPU.ActiveCfg = Release|Any CPU
		{8EB7611B-68CD-4B8B-987A-11717E2B250C}.Minimum|Any CPU.Build.0 = Release|Any CPU
		{8EB7611B-68CD-4B8B-987A-11717E2B250C}.Release|Any CPU.ActiveCfg = Release|Any CPU
		{8EB7611B-68CD-4B8B-987A-11717E2B250C}.Release|Any CPU.Build.0 = Release|Any CPU
		{A1E157BE-5C06-41DC-97C3-7409DF9771B8}.Debug|Any CPU.ActiveCfg = Debug|Any CPU
		{A1E157BE-5C06-41DC-97C3-7409DF9771B8}.Debug|Any CPU.Build.0 = Debug|Any CPU
		{A1E157BE-5C06-41DC-97C3-7409DF9771B8}.Minimum|Any CPU.ActiveCfg = Minimum|Any CPU
		{A1E157BE-5C06-41DC-97C3-7409DF9771B8}.Minimum|Any CPU.Build.0 = Minimum|Any CPU
		{A1E157BE-5C06-41DC-97C3-7409DF9771B8}.Release|Any CPU.ActiveCfg = Release|Any CPU
		{A1E157BE-5C06-41DC-97C3-7409DF9771B8}.Release|Any CPU.Build.0 = Release|Any CPU
		{8B62357A-ABBC-4DB0-8633-F1D6A6C1EA53}.Debug|Any CPU.ActiveCfg = Debug|Any CPU
		{8B62357A-ABBC-4DB0-8633-F1D6A6C1EA53}.Debug|Any CPU.Build.0 = Debug|Any CPU
		{8B62357A-ABBC-4DB0-8633-F1D6A6C1EA53}.Minimum|Any CPU.ActiveCfg = Minimum|Any CPU
		{8B62357A-ABBC-4DB0-8633-F1D6A6C1EA53}.Minimum|Any CPU.Build.0 = Minimum|Any CPU
		{8B62357A-ABBC-4DB0-8633-F1D6A6C1EA53}.Release|Any CPU.ActiveCfg = Release|Any CPU
		{8B62357A-ABBC-4DB0-8633-F1D6A6C1EA53}.Release|Any CPU.Build.0 = Release|Any CPU
		{EE03A6AF-2937-4893-80F4-DD71F099A76C}.Debug|Any CPU.ActiveCfg = Debug|Any CPU
		{EE03A6AF-2937-4893-80F4-DD71F099A76C}.Debug|Any CPU.Build.0 = Debug|Any CPU
		{EE03A6AF-2937-4893-80F4-DD71F099A76C}.Minimum|Any CPU.ActiveCfg = Minimum|Any CPU
		{EE03A6AF-2937-4893-80F4-DD71F099A76C}.Minimum|Any CPU.Build.0 = Minimum|Any CPU
		{EE03A6AF-2937-4893-80F4-DD71F099A76C}.Release|Any CPU.ActiveCfg = Release|Any CPU
		{EE03A6AF-2937-4893-80F4-DD71F099A76C}.Release|Any CPU.Build.0 = Release|Any CPU
	EndGlobalSection
	GlobalSection(SolutionProperties) = preSolution
		HideSolutionNode = FALSE
	EndGlobalSection
	GlobalSection(NestedProjects) = preSolution
		{C390521F-A020-4D84-A609-D12DA8B5F18D} = {FC58C9C7-EA49-491D-81C8-3E8030443248}
		{B43D7D1F-520A-4A9C-BB3D-54D1C600FDCA} = {10DFF991-F52A-4174-A52C-BD8FDCBF131F}
		{2E499785-60E7-48C9-A67F-E6DC9D2845CE} = {E33A1426-86AF-46B5-BFE9-9386218B3056}
		{8EB7611B-68CD-4B8B-987A-11717E2B250C} = {E33A1426-86AF-46B5-BFE9-9386218B3056}
		{113FE834-725B-4266-9E0F-197A823B0D95} = {E33A1426-86AF-46B5-BFE9-9386218B3056}
		{A1E157BE-5C06-41DC-97C3-7409DF9771B8} = {113FE834-725B-4266-9E0F-197A823B0D95}
		{8B62357A-ABBC-4DB0-8633-F1D6A6C1EA53} = {113FE834-725B-4266-9E0F-197A823B0D95}
		{EE03A6AF-2937-4893-80F4-DD71F099A76C} = {113FE834-725B-4266-9E0F-197A823B0D95}
	EndGlobalSection
EndGlobal
